// !$*UTF8*$!
{
	archiveVersion = 1;
	classes = {
	};
	objectVersion = 46;
	objects = {

/* Begin PBXBuildFile section */
		8567D9721964C98600E123AE /* Foundation.framework in Frameworks */ = {isa = PBXBuildFile; fileRef = 8567D9711964C98600E123AE /* Foundation.framework */; };
		8567D9741964C98600E123AE /* CoreGraphics.framework in Frameworks */ = {isa = PBXBuildFile; fileRef = 8567D9731964C98600E123AE /* CoreGraphics.framework */; };
		8567D9761964C98600E123AE /* UIKit.framework in Frameworks */ = {isa = PBXBuildFile; fileRef = 8567D9751964C98600E123AE /* UIKit.framework */; };
		8567D97C1964C98600E123AE /* InfoPlist.strings in Resources */ = {isa = PBXBuildFile; fileRef = 8567D97A1964C98600E123AE /* InfoPlist.strings */; };
		8567D97E1964C98600E123AE /* main.m in Sources */ = {isa = PBXBuildFile; fileRef = 8567D97D1964C98600E123AE /* main.m */; };
		8567D9821964C98600E123AE /* PMNAppDelegate.m in Sources */ = {isa = PBXBuildFile; fileRef = 8567D9811964C98600E123AE /* PMNAppDelegate.m */; };
		8567D9851964C98600E123AE /* Main.storyboard in Resources */ = {isa = PBXBuildFile; fileRef = 8567D9831964C98600E123AE /* Main.storyboard */; };
		8567D9881964C98600E123AE /* PMNViewController.m in Sources */ = {isa = PBXBuildFile; fileRef = 8567D9871964C98600E123AE /* PMNViewController.m */; };
		8567D98A1964C98600E123AE /* Images.xcassets in Resources */ = {isa = PBXBuildFile; fileRef = 8567D9891964C98600E123AE /* Images.xcassets */; };
		8567D9911964C98700E123AE /* XCTest.framework in Frameworks */ = {isa = PBXBuildFile; fileRef = 8567D9901964C98700E123AE /* XCTest.framework */; };
		8567D9921964C98700E123AE /* Foundation.framework in Frameworks */ = {isa = PBXBuildFile; fileRef = 8567D9711964C98600E123AE /* Foundation.framework */; };
		8567D9931964C98700E123AE /* UIKit.framework in Frameworks */ = {isa = PBXBuildFile; fileRef = 8567D9751964C98600E123AE /* UIKit.framework */; };
		8567D99B1964C98700E123AE /* InfoPlist.strings in Resources */ = {isa = PBXBuildFile; fileRef = 8567D9991964C98700E123AE /* InfoPlist.strings */; };
		8567D99D1964C98700E123AE /* CrossFitCounterTests.m in Sources */ = {isa = PBXBuildFile; fileRef = 8567D99C1964C98700E123AE /* CrossFitCounterTests.m */; };
		858F2CD6196A2206008A356B /* PMNOopsViewController.m in Sources */ = {isa = PBXBuildFile; fileRef = 858F2CD5196A2206008A356B /* PMNOopsViewController.m */; };
		85FA361F196745D9002E1DD1 /* blank-button-template.jpg in Resources */ = {isa = PBXBuildFile; fileRef = 85FA361E196745D9002E1DD1 /* blank-button-template.jpg */; };
/* End PBXBuildFile section */

/* Begin PBXContainerItemProxy section */
		8567D9941964C98700E123AE /* PBXContainerItemProxy */ = {
			isa = PBXContainerItemProxy;
			containerPortal = 8567D9661964C98600E123AE /* Project object */;
			proxyType = 1;
			remoteGlobalIDString = 8567D96D1964C98600E123AE;
			remoteInfo = CrossFitCounter;
		};
/* End PBXContainerItemProxy section */

/* Begin PBXFileReference section */
		8567D96E1964C98600E123AE /* CrossFitCounter.app */ = {isa = PBXFileReference; explicitFileType = wrapper.application; includeInIndex = 0; path = CrossFitCounter.app; sourceTree = BUILT_PRODUCTS_DIR; };
		8567D9711964C98600E123AE /* Foundation.framework */ = {isa = PBXFileReference; lastKnownFileType = wrapper.framework; name = Foundation.framework; path = System/Library/Frameworks/Foundation.framework; sourceTree = SDKROOT; };
		8567D9731964C98600E123AE /* CoreGraphics.framework */ = {isa = PBXFileReference; lastKnownFileType = wrapper.framework; name = CoreGraphics.framework; path = System/Library/Frameworks/CoreGraphics.framework; sourceTree = SDKROOT; };
		8567D9751964C98600E123AE /* UIKit.framework */ = {isa = PBXFileReference; lastKnownFileType = wrapper.framework; name = UIKit.framework; path = System/Library/Frameworks/UIKit.framework; sourceTree = SDKROOT; };
		8567D9791964C98600E123AE /* CrossFitCounter-Info.plist */ = {isa = PBXFileReference; lastKnownFileType = text.plist.xml; path = "CrossFitCounter-Info.plist"; sourceTree = "<group>"; };
		8567D97B1964C98600E123AE /* en */ = {isa = PBXFileReference; lastKnownFileType = text.plist.strings; name = en; path = en.lproj/InfoPlist.strings; sourceTree = "<group>"; };
		8567D97D1964C98600E123AE /* main.m */ = {isa = PBXFileReference; lastKnownFileType = sourcecode.c.objc; path = main.m; sourceTree = "<group>"; };
		8567D97F1964C98600E123AE /* CrossFitCounter-Prefix.pch */ = {isa = PBXFileReference; lastKnownFileType = sourcecode.c.h; path = "CrossFitCounter-Prefix.pch"; sourceTree = "<group>"; };
		8567D9801964C98600E123AE /* PMNAppDelegate.h */ = {isa = PBXFileReference; lastKnownFileType = sourcecode.c.h; path = PMNAppDelegate.h; sourceTree = "<group>"; };
		8567D9811964C98600E123AE /* PMNAppDelegate.m */ = {isa = PBXFileReference; lastKnownFileType = sourcecode.c.objc; path = PMNAppDelegate.m; sourceTree = "<group>"; };
		8567D9841964C98600E123AE /* Base */ = {isa = PBXFileReference; lastKnownFileType = file.storyboard; name = Base; path = Base.lproj/Main.storyboard; sourceTree = "<group>"; };
		8567D9861964C98600E123AE /* PMNViewController.h */ = {isa = PBXFileReference; lastKnownFileType = sourcecode.c.h; path = PMNViewController.h; sourceTree = "<group>"; };
		8567D9871964C98600E123AE /* PMNViewController.m */ = {isa = PBXFileReference; lastKnownFileType = sourcecode.c.objc; path = PMNViewController.m; sourceTree = "<group>"; };
		8567D9891964C98600E123AE /* Images.xcassets */ = {isa = PBXFileReference; lastKnownFileType = folder.assetcatalog; path = Images.xcassets; sourceTree = "<group>"; };
		8567D98F1964C98700E123AE /* CrossFitCounterTests.xctest */ = {isa = PBXFileReference; explicitFileType = wrapper.cfbundle; includeInIndex = 0; path = CrossFitCounterTests.xctest; sourceTree = BUILT_PRODUCTS_DIR; };
		8567D9901964C98700E123AE /* XCTest.framework */ = {isa = PBXFileReference; lastKnownFileType = wrapper.framework; name = XCTest.framework; path = Library/Frameworks/XCTest.framework; sourceTree = DEVELOPER_DIR; };
		8567D9981964C98700E123AE /* CrossFitCounterTests-Info.plist */ = {isa = PBXFileReference; lastKnownFileType = text.plist.xml; path = "CrossFitCounterTests-Info.plist"; sourceTree = "<group>"; };
		8567D99A1964C98700E123AE /* en */ = {isa = PBXFileReference; lastKnownFileType = text.plist.strings; name = en; path = en.lproj/InfoPlist.strings; sourceTree = "<group>"; };
		8567D99C1964C98700E123AE /* CrossFitCounterTests.m */ = {isa = PBXFileReference; lastKnownFileType = sourcecode.c.objc; path = CrossFitCounterTests.m; sourceTree = "<group>"; };
		858F2CD4196A2206008A356B /* PMNOopsViewController.h */ = {isa = PBXFileReference; fileEncoding = 4; lastKnownFileType = sourcecode.c.h; path = PMNOopsViewController.h; sourceTree = "<group>"; };
		858F2CD5196A2206008A356B /* PMNOopsViewController.m */ = {isa = PBXFileReference; fileEncoding = 4; lastKnownFileType = sourcecode.c.objc; path = PMNOopsViewController.m; sourceTree = "<group>"; };
		85FA361E196745D9002E1DD1 /* blank-button-template.jpg */ = {isa = PBXFileReference; lastKnownFileType = image.jpeg; path = "blank-button-template.jpg"; sourceTree = "<group>"; };
/* End PBXFileReference section */

/* Begin PBXFrameworksBuildPhase section */
		8567D96B1964C98600E123AE /* Frameworks */ = {
			isa = PBXFrameworksBuildPhase;
			buildActionMask = 2147483647;
			files = (
				8567D9741964C98600E123AE /* CoreGraphics.framework in Frameworks */,
				8567D9761964C98600E123AE /* UIKit.framework in Frameworks */,
				8567D9721964C98600E123AE /* Foundation.framework in Frameworks */,
			);
			runOnlyForDeploymentPostprocessing = 0;
		};
		8567D98C1964C98700E123AE /* Frameworks */ = {
			isa = PBXFrameworksBuildPhase;
			buildActionMask = 2147483647;
			files = (
				8567D9911964C98700E123AE /* XCTest.framework in Frameworks */,
				8567D9931964C98700E123AE /* UIKit.framework in Frameworks */,
				8567D9921964C98700E123AE /* Foundation.framework in Frameworks */,
			);
			runOnlyForDeploymentPostprocessing = 0;
		};
/* End PBXFrameworksBuildPhase section */

/* Begin PBXGroup section */
		8567D9651964C98600E123AE = {
			isa = PBXGroup;
			children = (
				8567D9771964C98600E123AE /* CrossFitCounter */,
				8567D9961964C98700E123AE /* CrossFitCounterTests */,
				8567D9701964C98600E123AE /* Frameworks */,
				8567D96F1964C98600E123AE /* Products */,
			);
			sourceTree = "<group>";
		};
		8567D96F1964C98600E123AE /* Products */ = {
			isa = PBXGroup;
			children = (
				8567D96E1964C98600E123AE /* CrossFitCounter.app */,
				8567D98F1964C98700E123AE /* CrossFitCounterTests.xctest */,
			);
			name = Products;
			sourceTree = "<group>";
		};
		8567D9701964C98600E123AE /* Frameworks */ = {
			isa = PBXGroup;
			children = (
				8567D9711964C98600E123AE /* Foundation.framework */,
				8567D9731964C98600E123AE /* CoreGraphics.framework */,
				8567D9751964C98600E123AE /* UIKit.framework */,
				8567D9901964C98700E123AE /* XCTest.framework */,
			);
			name = Frameworks;
			sourceTree = "<group>";
		};
		8567D9771964C98600E123AE /* CrossFitCounter */ = {
			isa = PBXGroup;
			children = (
				8567D9801964C98600E123AE /* PMNAppDelegate.h */,
				8567D9811964C98600E123AE /* PMNAppDelegate.m */,
				8567D9831964C98600E123AE /* Main.storyboard */,
				8567D9861964C98600E123AE /* PMNViewController.h */,
				8567D9871964C98600E123AE /* PMNViewController.m */,
				858F2CD4196A2206008A356B /* PMNOopsViewController.h */,
				858F2CD5196A2206008A356B /* PMNOopsViewController.m */,
				8567D9891964C98600E123AE /* Images.xcassets */,
				8567D9781964C98600E123AE /* Supporting Files */,
			);
			path = CrossFitCounter;
			sourceTree = "<group>";
		};
		8567D9781964C98600E123AE /* Supporting Files */ = {
			isa = PBXGroup;
			children = (
				8567D9791964C98600E123AE /* CrossFitCounter-Info.plist */,
				8567D97A1964C98600E123AE /* InfoPlist.strings */,
				8567D97D1964C98600E123AE /* main.m */,
				85FA361E196745D9002E1DD1 /* blank-button-template.jpg */,
				8567D97F1964C98600E123AE /* CrossFitCounter-Prefix.pch */,
			);
			name = "Supporting Files";
			sourceTree = "<group>";
		};
		8567D9961964C98700E123AE /* CrossFitCounterTests */ = {
			isa = PBXGroup;
			children = (
				8567D99C1964C98700E123AE /* CrossFitCounterTests.m */,
				8567D9971964C98700E123AE /* Supporting Files */,
			);
			path = CrossFitCounterTests;
			sourceTree = "<group>";
		};
		8567D9971964C98700E123AE /* Supporting Files */ = {
			isa = PBXGroup;
			children = (
				8567D9981964C98700E123AE /* CrossFitCounterTests-Info.plist */,
				8567D9991964C98700E123AE /* InfoPlist.strings */,
			);
			name = "Supporting Files";
			sourceTree = "<group>";
		};
/* End PBXGroup section */

/* Begin PBXNativeTarget section */
		8567D96D1964C98600E123AE /* CrossFitCounter */ = {
			isa = PBXNativeTarget;
			buildConfigurationList = 8567D9A01964C98700E123AE /* Build configuration list for PBXNativeTarget "CrossFitCounter" */;
			buildPhases = (
				8567D96A1964C98600E123AE /* Sources */,
				8567D96B1964C98600E123AE /* Frameworks */,
				8567D96C1964C98600E123AE /* Resources */,
			);
			buildRules = (
			);
			dependencies = (
			);
			name = CrossFitCounter;
			productName = CrossFitCounter;
			productReference = 8567D96E1964C98600E123AE /* CrossFitCounter.app */;
			productType = "com.apple.product-type.application";
		};
		8567D98E1964C98700E123AE /* CrossFitCounterTests */ = {
			isa = PBXNativeTarget;
			buildConfigurationList = 8567D9A31964C98700E123AE /* Build configuration list for PBXNativeTarget "CrossFitCounterTests" */;
			buildPhases = (
				8567D98B1964C98700E123AE /* Sources */,
				8567D98C1964C98700E123AE /* Frameworks */,
				8567D98D1964C98700E123AE /* Resources */,
			);
			buildRules = (
			);
			dependencies = (
				8567D9951964C98700E123AE /* PBXTargetDependency */,
			);
			name = CrossFitCounterTests;
			productName = CrossFitCounterTests;
			productReference = 8567D98F1964C98700E123AE /* CrossFitCounterTests.xctest */;
			productType = "com.apple.product-type.bundle.unit-test";
		};
/* End PBXNativeTarget section */

/* Begin PBXProject section */
		8567D9661964C98600E123AE /* Project object */ = {
			isa = PBXProject;
			attributes = {
				CLASSPREFIX = PMN;
				LastUpgradeCheck = 0510;
				ORGANIZATIONNAME = "Paul Nichols";
				TargetAttributes = {
					8567D98E1964C98700E123AE = {
						TestTargetID = 8567D96D1964C98600E123AE;
					};
				};
			};
			buildConfigurationList = 8567D9691964C98600E123AE /* Build configuration list for PBXProject "CrossFitCounter" */;
			compatibilityVersion = "Xcode 3.2";
			developmentRegion = English;
			hasScannedForEncodings = 0;
			knownRegions = (
				en,
				Base,
			);
			mainGroup = 8567D9651964C98600E123AE;
			productRefGroup = 8567D96F1964C98600E123AE /* Products */;
			projectDirPath = "";
			projectRoot = "";
			targets = (
				8567D96D1964C98600E123AE /* CrossFitCounter */,
				8567D98E1964C98700E123AE /* CrossFitCounterTests */,
			);
		};
/* End PBXProject section */

/* Begin PBXResourcesBuildPhase section */
		8567D96C1964C98600E123AE /* Resources */ = {
			isa = PBXResourcesBuildPhase;
			buildActionMask = 2147483647;
			files = (
				8567D98A1964C98600E123AE /* Images.xcassets in Resources */,
				85FA361F196745D9002E1DD1 /* blank-button-template.jpg in Resources */,
				8567D97C1964C98600E123AE /* InfoPlist.strings in Resources */,
				8567D9851964C98600E123AE /* Main.storyboard in Resources */,
			);
			runOnlyForDeploymentPostprocessing = 0;
		};
		8567D98D1964C98700E123AE /* Resources */ = {
			isa = PBXResourcesBuildPhase;
			buildActionMask = 2147483647;
			files = (
				8567D99B1964C98700E123AE /* InfoPlist.strings in Resources */,
			);
			runOnlyForDeploymentPostprocessing = 0;
		};
/* End PBXResourcesBuildPhase section */

/* Begin PBXSourcesBuildPhase section */
		8567D96A1964C98600E123AE /* Sources */ = {
			isa = PBXSourcesBuildPhase;
			buildActionMask = 2147483647;
			files = (
				8567D9821964C98600E123AE /* PMNAppDelegate.m in Sources */,
				858F2CD6196A2206008A356B /* PMNOopsViewController.m in Sources */,
				8567D97E1964C98600E123AE /* main.m in Sources */,
				8567D9881964C98600E123AE /* PMNViewController.m in Sources */,
			);
			runOnlyForDeploymentPostprocessing = 0;
		};
		8567D98B1964C98700E123AE /* Sources */ = {
			isa = PBXSourcesBuildPhase;
			buildActionMask = 2147483647;
			files = (
				8567D99D1964C98700E123AE /* CrossFitCounterTests.m in Sources */,
			);
			runOnlyForDeploymentPostprocessing = 0;
		};
/* End PBXSourcesBuildPhase section */

/* Begin PBXTargetDependency section */
		8567D9951964C98700E123AE /* PBXTargetDependency */ = {
			isa = PBXTargetDependency;
			target = 8567D96D1964C98600E123AE /* CrossFitCounter */;
			targetProxy = 8567D9941964C98700E123AE /* PBXContainerItemProxy */;
		};
/* End PBXTargetDependency section */

/* Begin PBXVariantGroup section */
		8567D97A1964C98600E123AE /* InfoPlist.strings */ = {
			isa = PBXVariantGroup;
			children = (
				8567D97B1964C98600E123AE /* en */,
			);
			name = InfoPlist.strings;
			sourceTree = "<group>";
		};
		8567D9831964C98600E123AE /* Main.storyboard */ = {
			isa = PBXVariantGroup;
			children = (
				8567D9841964C98600E123AE /* Base */,
			);
			name = Main.storyboard;
			sourceTree = "<group>";
		};
		8567D9991964C98700E123AE /* InfoPlist.strings */ = {
			isa = PBXVariantGroup;
			children = (
				8567D99A1964C98700E123AE /* en */,
			);
			name = InfoPlist.strings;
			sourceTree = "<group>";
		};
/* End PBXVariantGroup section */

/* Begin XCBuildConfiguration section */
		8567D99E1964C98700E123AE /* Debug */ = {
			isa = XCBuildConfiguration;
			buildSettings = {
				ALWAYS_SEARCH_USER_PATHS = NO;
				CLANG_CXX_LANGUAGE_STANDARD = "gnu++0x";
				CLANG_CXX_LIBRARY = "libc++";
				CLANG_ENABLE_MODULES = YES;
				CLANG_ENABLE_OBJC_ARC = YES;
				CLANG_WARN_BOOL_CONVERSION = YES;
				CLANG_WARN_CONSTANT_CONVERSION = YES;
				CLANG_WARN_DIRECT_OBJC_ISA_USAGE = YES_ERROR;
				CLANG_WARN_EMPTY_BODY = YES;
				CLANG_WARN_ENUM_CONVERSION = YES;
				CLANG_WARN_INT_CONVERSION = YES;
				CLANG_WARN_OBJC_ROOT_CLASS = YES_ERROR;
				CLANG_WARN__DUPLICATE_METHOD_MATCH = YES;
				"CODE_SIGN_IDENTITY[sdk=iphoneos*]" = "iPhone Developer";
				COPY_PHASE_STRIP = NO;
				GCC_C_LANGUAGE_STANDARD = gnu99;
				GCC_DYNAMIC_NO_PIC = NO;
				GCC_OPTIMIZATION_LEVEL = 0;
				GCC_PREPROCESSOR_DEFINITIONS = (
					"DEBUG=1",
					"$(inherited)",
				);
				GCC_SYMBOLS_PRIVATE_EXTERN = NO;
				GCC_WARN_64_TO_32_BIT_CONVERSION = YES;
				GCC_WARN_ABOUT_RETURN_TYPE = YES_ERROR;
				GCC_WARN_UNDECLARED_SELECTOR = YES;
				GCC_WARN_UNINITIALIZED_AUTOS = YES_AGGRESSIVE;
				GCC_WARN_UNUSED_FUNCTION = YES;
				GCC_WARN_UNUSED_VARIABLE = YES;
				IPHONEOS_DEPLOYMENT_TARGET = 7.1;
				ONLY_ACTIVE_ARCH = YES;
				SDKROOT = iphoneos;
			};
			name = Debug;
		};
		8567D99F1964C98700E123AE /* Release */ = {
			isa = XCBuildConfiguration;
			buildSettings = {
				ALWAYS_SEARCH_USER_PATHS = NO;
				CLANG_CXX_LANGUAGE_STANDARD = "gnu++0x";
				CLANG_CXX_LIBRARY = "libc++";
				CLANG_ENABLE_MODULES = YES;
				CLANG_ENABLE_OBJC_ARC = YES;
				CLANG_WARN_BOOL_CONVERSION = YES;
				CLANG_WARN_CONSTANT_CONVERSION = YES;
				CLANG_WARN_DIRECT_OBJC_ISA_USAGE = YES_ERROR;
				CLANG_WARN_EMPTY_BODY = YES;
				CLANG_WARN_ENUM_CONVERSION = YES;
				CLANG_WARN_INT_CONVERSION = YES;
				CLANG_WARN_OBJC_ROOT_CLASS = YES_ERROR;
				CLANG_WARN__DUPLICATE_METHOD_MATCH = YES;
				"CODE_SIGN_IDENTITY[sdk=iphoneos*]" = "iPhone Developer";
				COPY_PHASE_STRIP = YES;
				ENABLE_NS_ASSERTIONS = NO;
				GCC_C_LANGUAGE_STANDARD = gnu99;
				GCC_WARN_64_TO_32_BIT_CONVERSION = YES;
				GCC_WARN_ABOUT_RETURN_TYPE = YES_ERROR;
				GCC_WARN_UNDECLARED_SELECTOR = YES;
				GCC_WARN_UNINITIALIZED_AUTOS = YES_AGGRESSIVE;
				GCC_WARN_UNUSED_FUNCTION = YES;
				GCC_WARN_UNUSED_VARIABLE = YES;
				IPHONEOS_DEPLOYMENT_TARGET = 7.1;
				SDKROOT = iphoneos;
				VALIDATE_PRODUCT = YES;
			};
			name = Release;
		};
		8567D9A11964C98700E123AE /* Debug */ = {
			isa = XCBuildConfiguration;
			buildSettings = {
				ASSETCATALOG_COMPILER_APPICON_NAME = AppIcon;
				ASSETCATALOG_COMPILER_LAUNCHIMAGE_NAME = LaunchImage;
				GCC_PRECOMPILE_PREFIX_HEADER = YES;
				GCC_PREFIX_HEADER = "CrossFitCounter/CrossFitCounter-Prefix.pch";
				INFOPLIST_FILE = "CrossFitCounter/CrossFitCounter-Info.plist";
				PRODUCT_NAME = "$(TARGET_NAME)";
				WRAPPER_EXTENSION = app;
			};
			name = Debug;
		};
		8567D9A21964C98700E123AE /* Release */ = {
			isa = XCBuildConfiguration;
			buildSettings = {
				ASSETCATALOG_COMPILER_APPICON_NAME = AppIcon;
				ASSETCATALOG_COMPILER_LAUNCHIMAGE_NAME = LaunchImage;
				GCC_PRECOMPILE_PREFIX_HEADER = YES;
				GCC_PREFIX_HEADER = "CrossFitCounter/CrossFitCounter-Prefix.pch";
				INFOPLIST_FILE = "CrossFitCounter/CrossFitCounter-Info.plist";
				PRODUCT_NAME = "$(TARGET_NAME)";
				WRAPPER_EXTENSION = app;
			};
			name = Release;
		};
		8567D9A41964C98700E123AE /* Debug */ = {
			isa = XCBuildConfiguration;
			buildSettings = {
				BUNDLE_LOADER = "$(BUILT_PRODUCTS_DIR)/CrossFitCounter.app/CrossFitCounter";
				FRAMEWORK_SEARCH_PATHS = (
					"$(SDKROOT)/Developer/Library/Frameworks",
					"$(inherited)",
					"$(DEVELOPER_FRAMEWORKS_DIR)",
				);
				GCC_PRECOMPILE_PREFIX_HEADER = YES;
				GCC_PREFIX_HEADER = "CrossFitCounter/CrossFitCounter-Prefix.pch";
				GCC_PREPROCESSOR_DEFINITIONS = (
					"DEBUG=1",
					"$(inherited)",
				);
				INFOPLIST_FILE = "CrossFitCounterTests/CrossFitCounterTests-Info.plist";
				PRODUCT_NAME = "$(TARGET_NAME)";
				TEST_HOST = "$(BUNDLE_LOADER)";
				WRAPPER_EXTENSION = xctest;
			};
			name = Debug;
		};
		8567D9A51964C98700E123AE /* Release */ = {
			isa = XCBuildConfiguration;
			buildSettings = {
				BUNDLE_LOADER = "$(BUILT_PRODUCTS_DIR)/CrossFitCounter.app/CrossFitCounter";
				FRAMEWORK_SEARCH_PATHS = (
					"$(SDKROOT)/Developer/Library/Frameworks",
					"$(inherited)",
					"$(DEVELOPER_FRAMEWORKS_DIR)",
				);
				GCC_PRECOMPILE_PREFIX_HEADER = YES;
				GCC_PREFIX_HEADER = "CrossFitCounter/CrossFitCounter-Prefix.pch";
				INFOPLIST_FILE = "CrossFitCounterTests/CrossFitCounterTests-Info.plist";
				PRODUCT_NAME = "$(TARGET_NAME)";
				TEST_HOST = "$(BUNDLE_LOADER)";
				WRAPPER_EXTENSION = xctest;
			};
			name = Release;
		};
/* End XCBuildConfiguration section */

/* Begin XCConfigurationList section */
		8567D9691964C98600E123AE /* Build configuration list for PBXProject "CrossFitCounter" */ = {
			isa = XCConfigurationList;
			buildConfigurations = (
				8567D99E1964C98700E123AE /* Debug */,
				8567D99F1964C98700E123AE /* Release */,
			);
			defaultConfigurationIsVisible = 0;
			defaultConfigurationName = Release;
		};
		8567D9A01964C98700E123AE /* Build configuration list for PBXNativeTarget "CrossFitCounter" */ = {
			isa = XCConfigurationList;
			buildConfigurations = (
				8567D9A11964C98700E123AE /* Debug */,
				8567D9A21964C98700E123AE /* Release */,
			);
			defaultConfigurationIsVisible = 0;
			defaultConfigurationName = Release;
		};
		8567D9A31964C98700E123AE /* Build configuration list for PBXNativeTarget "CrossFitCounterTests" */ = {
			isa = XCConfigurationList;
			buildConfigurations = (
				8567D9A41964C98700E123AE /* Debug */,
				8567D9A51964C98700E123AE /* Release */,
			);
			defaultConfigurationIsVisible = 0;
			defaultConfigurationName = Release;
		};
/* End XCConfigurationList section */
	};
	rootObject = 8567D9661964C98600E123AE /* Project object */;
}
